
Microsoft Visual Studio Solution File, Format Version 12.00
# Visual Studio Version 17
VisualStudioVersion = 17.3.32929.385
MinimumVisualStudioVersion = 10.0.40219.1
Project("{FAE04EC0-301F-11D3-BF4B-00C04F79EFBC}") = "AppendToTXT", "AppendToTXT\AppendToTXT.csproj", "{99ABDCB2-D399-4448-8404-69FFC92BB978}"
EndProject
Global
	GlobalSection(SolutionConfigurationPlatforms) = preSolution
		Debug|Any CPU = Debug|Any CPU
		Release|Any CPU = Release|Any CPU
	EndGlobalSection
	GlobalSection(ProjectConfigurationPlatforms) = postSolution
		{99ABDCB2-D399-4448-8404-69FFC92BB978}.Debug|Any CPU.ActiveCfg = Debug|Any CPU
		{99ABDCB2-D399-4448-8404-69FFC92BB978}.Debug|Any CPU.Build.0 = Debug|Any CPU
		{99ABDCB2-D399-4448-8404-69FFC92BB978}.Release|Any CPU.ActiveCfg = Release|Any CPU
		{99ABDCB2-D399-4448-8404-69FFC92BB978}.Release|Any CPU.Build.0 = Release|Any CPU
	EndGlobalSection
	GlobalSection(SolutionProperties) = preSolution
		HideSolutionNode = FALSE
	EndGlobalSection
	GlobalSection(ExtensibilityGlobals) = postSolution
		SolutionGuid = {ACC0D172-54CC-4E65-9B4D-8E69D3B4A004}
	EndGlobalSection
EndGlobal
